
Microsoft Visual Studio Solution File, Format Version 12.00
# Visual Studio Version 16
VisualStudioVersion = 16.0.31911.196
MinimumVisualStudioVersion = 10.0.40219.1
Project("{FAE04EC0-301F-11D3-BF4B-00C04F79EFBC}") = "My Programming Language", "My Programming Language\My Programming Language.csproj", "{CA6DDC9C-3270-486C-B1B0-10302E08D644}"
EndProject
Global
	GlobalSection(SolutionConfigurationPlatforms) = preSolution
		Debug|Any CPU = Debug|Any CPU
		Release|Any CPU = Release|Any CPU
	EndGlobalSection
	GlobalSection(ProjectConfigurationPlatforms) = postSolution
		{CA6DDC9C-3270-486C-B1B0-10302E08D644}.Debug|Any CPU.ActiveCfg = Debug|Any CPU
		{CA6DDC9C-3270-486C-B1B0-10302E08D644}.Debug|Any CPU.Build.0 = Debug|Any CPU
		{CA6DDC9C-3270-486C-B1B0-10302E08D644}.Release|Any CPU.ActiveCfg = Release|Any CPU
		{CA6DDC9C-3270-486C-B1B0-10302E08D644}.Release|Any CPU.Build.0 = Release|Any CPU
	EndGlobalSection
	GlobalSection(SolutionProperties) = preSolution
		HideSolutionNode = FALSE
	EndGlobalSection
	GlobalSection(ExtensibilityGlobals) = postSolution
		SolutionGuid = {4C208088-3CC0-4807-9A10-79C39169471E}
	EndGlobalSection
EndGlobal
